
Microsoft Visual Studio Solution File, Format Version 12.00
# Visual Studio Version 17
VisualStudioVersion = 17.13.35828.75 d17.13
MinimumVisualStudioVersion = 10.0.40219.1
Project("{FAE04EC0-301F-11D3-BF4B-00C04F79EFBC}") = "projekagnes", "projekagnes\projekagnes.csproj", "{34E8E763-123F-45A5-BAC7-E6EDCA9FA67C}"
EndProject
Global
	GlobalSection(SolutionConfigurationPlatforms) = preSolution
		Debug|Any CPU = Debug|Any CPU
		Release|Any CPU = Release|Any CPU
	EndGlobalSection
	GlobalSection(ProjectConfigurationPlatforms) = postSolution
		{34E8E763-123F-45A5-BAC7-E6EDCA9FA67C}.Debug|Any CPU.ActiveCfg = Debug|Any CPU
		{34E8E763-123F-45A5-BAC7-E6EDCA9FA67C}.Debug|Any CPU.Build.0 = Debug|Any CPU
		{34E8E763-123F-45A5-BAC7-E6EDCA9FA67C}.Release|Any CPU.ActiveCfg = Release|Any CPU
		{34E8E763-123F-45A5-BAC7-E6EDCA9FA67C}.Release|Any CPU.Build.0 = Release|Any CPU
	EndGlobalSection
	GlobalSection(SolutionProperties) = preSolution
		HideSolutionNode = FALSE
	EndGlobalSection
	GlobalSection(ExtensibilityGlobals) = postSolution
		SolutionGuid = {DB27200E-115E-424D-B069-6DBB0014A5BD}
	EndGlobalSection
EndGlobal
